// !$*UTF8*$!
{
	archiveVersion = 1;
	classes = {
	};
	objectVersion = 50;
	objects = {

/* Begin PBXBuildFile section */
		323371CCEC8028EDF53252F6 /* Pods_Smack.framework in Frameworks */ = {isa = PBXBuildFile; fileRef = 2F9E82ACDD0A3EBCD8FFEBE9 /* Pods_Smack.framework */; };
		56128836F7535BE374D945F6 /* Pods_Smack_SmackUITests.framework in Frameworks */ = {isa = PBXBuildFile; fileRef = 0A16969CB423FF750F263447 /* Pods_Smack_SmackUITests.framework */; };
		7B810C2BBFFC276596DEEF3F /* Pods_SmackTests.framework in Frameworks */ = {isa = PBXBuildFile; fileRef = 53AE6ADE29BF369CDBC8522F /* Pods_SmackTests.framework */; };
		F12B812A251E80DE007C6011 /* LoginVC.swift in Sources */ = {isa = PBXBuildFile; fileRef = F12B8129251E80DE007C6011 /* LoginVC.swift */; };
		F12B812F251FB850007C6011 /* CreateAccountVC.swift in Sources */ = {isa = PBXBuildFile; fileRef = F12B812E251FB850007C6011 /* CreateAccountVC.swift */; };
		F1B346E0251A353200CFD753 /* AppDelegate.swift in Sources */ = {isa = PBXBuildFile; fileRef = F1B346DF251A353200CFD753 /* AppDelegate.swift */; };
		F1B346E2251A353200CFD753 /* SceneDelegate.swift in Sources */ = {isa = PBXBuildFile; fileRef = F1B346E1251A353200CFD753 /* SceneDelegate.swift */; };
		F1B346E7251A353200CFD753 /* Main.storyboard in Resources */ = {isa = PBXBuildFile; fileRef = F1B346E5251A353200CFD753 /* Main.storyboard */; };
		F1B346E9251A353500CFD753 /* Assets.xcassets in Resources */ = {isa = PBXBuildFile; fileRef = F1B346E8251A353500CFD753 /* Assets.xcassets */; };
		F1B346EC251A353500CFD753 /* LaunchScreen.storyboard in Resources */ = {isa = PBXBuildFile; fileRef = F1B346EA251A353500CFD753 /* LaunchScreen.storyboard */; };
		F1B346F7251A353500CFD753 /* SmackTests.swift in Sources */ = {isa = PBXBuildFile; fileRef = F1B346F6251A353500CFD753 /* SmackTests.swift */; };
		F1B34702251A353500CFD753 /* SmackUITests.swift in Sources */ = {isa = PBXBuildFile; fileRef = F1B34701251A353500CFD753 /* SmackUITests.swift */; };
		F1B34723251A398000CFD753 /* SWRevealViewController.m in Sources */ = {isa = PBXBuildFile; fileRef = F1B34721251A398000CFD753 /* SWRevealViewController.m */; };
		F1B34731251A3D3A00CFD753 /* chatVC.swift in Sources */ = {isa = PBXBuildFile; fileRef = F1B34730251A3D3A00CFD753 /* chatVC.swift */; };
		F1B34736251A3D5A00CFD753 /* channelVC.swift in Sources */ = {isa = PBXBuildFile; fileRef = F1B34735251A3D5A00CFD753 /* channelVC.swift */; };
		F1B3473B251E4FD900CFD753 /* GradiantView.swift in Sources */ = {isa = PBXBuildFile; fileRef = F1B3473A251E4FD900CFD753 /* GradiantView.swift */; };
		F1B34741251E75EC00CFD753 /* Constants.swift in Sources */ = {isa = PBXBuildFile; fileRef = F1B34740251E75EC00CFD753 /* Constants.swift */; };
/* End PBXBuildFile section */

/* Begin PBXContainerItemProxy section */
		F1B346F3251A353500CFD753 /* PBXContainerItemProxy */ = {
			isa = PBXContainerItemProxy;
			containerPortal = F1B346D4251A353200CFD753 /* Project object */;
			proxyType = 1;
			remoteGlobalIDString = F1B346DB251A353200CFD753;
			remoteInfo = Smack;
		};
		F1B346FE251A353500CFD753 /* PBXContainerItemProxy */ = {
			isa = PBXContainerItemProxy;
			containerPortal = F1B346D4251A353200CFD753 /* Project object */;
			proxyType = 1;
			remoteGlobalIDString = F1B346DB251A353200CFD753;
			remoteInfo = Smack;
		};
/* End PBXContainerItemProxy section */

/* Begin PBXFileReference section */
		07B953273D6FC5F5C5F9DE57 /* Pods-Smack.debug.xcconfig */ = {isa = PBXFileReference; includeInIndex = 1; lastKnownFileType = text.xcconfig; name = "Pods-Smack.debug.xcconfig"; path = "Pods/Target Support Files/Pods-Smack/Pods-Smack.debug.xcconfig"; sourceTree = "<group>"; };
		0A16969CB423FF750F263447 /* Pods_Smack_SmackUITests.framework */ = {isa = PBXFileReference; explicitFileType = wrapper.framework; includeInIndex = 0; path = Pods_Smack_SmackUITests.framework; sourceTree = BUILT_PRODUCTS_DIR; };
		2F9E82ACDD0A3EBCD8FFEBE9 /* Pods_Smack.framework */ = {isa = PBXFileReference; explicitFileType = wrapper.framework; includeInIndex = 0; path = Pods_Smack.framework; sourceTree = BUILT_PRODUCTS_DIR; };
		416FFC1536A8D4C8F3846979 /* Pods-SmackTests.debug.xcconfig */ = {isa = PBXFileReference; includeInIndex = 1; lastKnownFileType = text.xcconfig; name = "Pods-SmackTests.debug.xcconfig"; path = "Pods/Target Support Files/Pods-SmackTests/Pods-SmackTests.debug.xcconfig"; sourceTree = "<group>"; };
		53AE6ADE29BF369CDBC8522F /* Pods_SmackTests.framework */ = {isa = PBXFileReference; explicitFileType = wrapper.framework; includeInIndex = 0; path = Pods_SmackTests.framework; sourceTree = BUILT_PRODUCTS_DIR; };
		75D8BD606DA81F9351E67C10 /* Pods-Smack.release.xcconfig */ = {isa = PBXFileReference; includeInIndex = 1; lastKnownFileType = text.xcconfig; name = "Pods-Smack.release.xcconfig"; path = "Pods/Target Support Files/Pods-Smack/Pods-Smack.release.xcconfig"; sourceTree = "<group>"; };
		7EA5D5312A8C4E136E16DB6A /* Pods-SmackTests.release.xcconfig */ = {isa = PBXFileReference; includeInIndex = 1; lastKnownFileType = text.xcconfig; name = "Pods-SmackTests.release.xcconfig"; path = "Pods/Target Support Files/Pods-SmackTests/Pods-SmackTests.release.xcconfig"; sourceTree = "<group>"; };
		A8232259FCC8A6BE03D9F4C4 /* Pods-Smack-SmackUITests.debug.xcconfig */ = {isa = PBXFileReference; includeInIndex = 1; lastKnownFileType = text.xcconfig; name = "Pods-Smack-SmackUITests.debug.xcconfig"; path = "Pods/Target Support Files/Pods-Smack-SmackUITests/Pods-Smack-SmackUITests.debug.xcconfig"; sourceTree = "<group>"; };
		E8047FF0A9ECBF22578DA0C7 /* Pods-Smack-SmackUITests.release.xcconfig */ = {isa = PBXFileReference; includeInIndex = 1; lastKnownFileType = text.xcconfig; name = "Pods-Smack-SmackUITests.release.xcconfig"; path = "Pods/Target Support Files/Pods-Smack-SmackUITests/Pods-Smack-SmackUITests.release.xcconfig"; sourceTree = "<group>"; };
		F12B8129251E80DE007C6011 /* LoginVC.swift */ = {isa = PBXFileReference; lastKnownFileType = sourcecode.swift; path = LoginVC.swift; sourceTree = "<group>"; };
		F12B812E251FB850007C6011 /* CreateAccountVC.swift */ = {isa = PBXFileReference; lastKnownFileType = sourcecode.swift; path = CreateAccountVC.swift; sourceTree = "<group>"; };
		F1B346DC251A353200CFD753 /* Smack.app */ = {isa = PBXFileReference; explicitFileType = wrapper.application; includeInIndex = 0; path = Smack.app; sourceTree = BUILT_PRODUCTS_DIR; };
		F1B346DF251A353200CFD753 /* AppDelegate.swift */ = {isa = PBXFileReference; lastKnownFileType = sourcecode.swift; path = AppDelegate.swift; sourceTree = "<group>"; };
		F1B346E1251A353200CFD753 /* SceneDelegate.swift */ = {isa = PBXFileReference; lastKnownFileType = sourcecode.swift; path = SceneDelegate.swift; sourceTree = "<group>"; };
		F1B346E6251A353200CFD753 /* Base */ = {isa = PBXFileReference; lastKnownFileType = file.storyboard; name = Base; path = Base.lproj/Main.storyboard; sourceTree = "<group>"; };
		F1B346E8251A353500CFD753 /* Assets.xcassets */ = {isa = PBXFileReference; lastKnownFileType = folder.assetcatalog; path = Assets.xcassets; sourceTree = "<group>"; };
		F1B346EB251A353500CFD753 /* Base */ = {isa = PBXFileReference; lastKnownFileType = file.storyboard; name = Base; path = Base.lproj/LaunchScreen.storyboard; sourceTree = "<group>"; };
		F1B346ED251A353500CFD753 /* Info.plist */ = {isa = PBXFileReference; lastKnownFileType = text.plist.xml; path = Info.plist; sourceTree = "<group>"; };
		F1B346F2251A353500CFD753 /* SmackTests.xctest */ = {isa = PBXFileReference; explicitFileType = wrapper.cfbundle; includeInIndex = 0; path = SmackTests.xctest; sourceTree = BUILT_PRODUCTS_DIR; };
		F1B346F6251A353500CFD753 /* SmackTests.swift */ = {isa = PBXFileReference; lastKnownFileType = sourcecode.swift; path = SmackTests.swift; sourceTree = "<group>"; };
		F1B346F8251A353500CFD753 /* Info.plist */ = {isa = PBXFileReference; lastKnownFileType = text.plist.xml; path = Info.plist; sourceTree = "<group>"; };
		F1B346FD251A353500CFD753 /* SmackUITests.xctest */ = {isa = PBXFileReference; explicitFileType = wrapper.cfbundle; includeInIndex = 0; path = SmackUITests.xctest; sourceTree = BUILT_PRODUCTS_DIR; };
		F1B34701251A353500CFD753 /* SmackUITests.swift */ = {isa = PBXFileReference; lastKnownFileType = sourcecode.swift; path = SmackUITests.swift; sourceTree = "<group>"; };
		F1B34703251A353500CFD753 /* Info.plist */ = {isa = PBXFileReference; lastKnownFileType = text.plist.xml; path = Info.plist; sourceTree = "<group>"; };
		F1B34720251A397F00CFD753 /* Smack-Bridging-Header.h */ = {isa = PBXFileReference; lastKnownFileType = sourcecode.c.h; path = "Smack-Bridging-Header.h"; sourceTree = "<group>"; };
		F1B34721251A398000CFD753 /* SWRevealViewController.m */ = {isa = PBXFileReference; fileEncoding = 4; lastKnownFileType = sourcecode.c.objc; path = SWRevealViewController.m; sourceTree = "<group>"; };
		F1B34722251A398000CFD753 /* SWRevealViewController.h */ = {isa = PBXFileReference; fileEncoding = 4; lastKnownFileType = sourcecode.c.h; path = SWRevealViewController.h; sourceTree = "<group>"; };
		F1B34730251A3D3A00CFD753 /* chatVC.swift */ = {isa = PBXFileReference; lastKnownFileType = sourcecode.swift; path = chatVC.swift; sourceTree = "<group>"; };
		F1B34735251A3D5A00CFD753 /* channelVC.swift */ = {isa = PBXFileReference; lastKnownFileType = sourcecode.swift; path = channelVC.swift; sourceTree = "<group>"; };
		F1B3473A251E4FD900CFD753 /* GradiantView.swift */ = {isa = PBXFileReference; lastKnownFileType = sourcecode.swift; path = GradiantView.swift; sourceTree = "<group>"; };
		F1B34740251E75EC00CFD753 /* Constants.swift */ = {isa = PBXFileReference; lastKnownFileType = sourcecode.swift; path = Constants.swift; sourceTree = "<group>"; };
/* End PBXFileReference section */

/* Begin PBXFrameworksBuildPhase section */
		F1B346D9251A353200CFD753 /* Frameworks */ = {
			isa = PBXFrameworksBuildPhase;
			buildActionMask = 2147483647;
			files = (
				323371CCEC8028EDF53252F6 /* Pods_Smack.framework in Frameworks */,
			);
			runOnlyForDeploymentPostprocessing = 0;
		};
		F1B346EF251A353500CFD753 /* Frameworks */ = {
			isa = PBXFrameworksBuildPhase;
			buildActionMask = 2147483647;
			files = (
				7B810C2BBFFC276596DEEF3F /* Pods_SmackTests.framework in Frameworks */,
			);
			runOnlyForDeploymentPostprocessing = 0;
		};
		F1B346FA251A353500CFD753 /* Frameworks */ = {
			isa = PBXFrameworksBuildPhase;
			buildActionMask = 2147483647;
			files = (
				56128836F7535BE374D945F6 /* Pods_Smack_SmackUITests.framework in Frameworks */,
			);
			runOnlyForDeploymentPostprocessing = 0;
		};
/* End PBXFrameworksBuildPhase section */

/* Begin PBXGroup section */
		1525AFFF7411FAADD06F7F9C /* Pods */ = {
			isa = PBXGroup;
			children = (
				07B953273D6FC5F5C5F9DE57 /* Pods-Smack.debug.xcconfig */,
				75D8BD606DA81F9351E67C10 /* Pods-Smack.release.xcconfig */,
				A8232259FCC8A6BE03D9F4C4 /* Pods-Smack-SmackUITests.debug.xcconfig */,
				E8047FF0A9ECBF22578DA0C7 /* Pods-Smack-SmackUITests.release.xcconfig */,
				416FFC1536A8D4C8F3846979 /* Pods-SmackTests.debug.xcconfig */,
				7EA5D5312A8C4E136E16DB6A /* Pods-SmackTests.release.xcconfig */,
			);
			name = Pods;
			sourceTree = "<group>";
		};
		953072A01063767F67232B27 /* Frameworks */ = {
			isa = PBXGroup;
			children = (
				2F9E82ACDD0A3EBCD8FFEBE9 /* Pods_Smack.framework */,
				0A16969CB423FF750F263447 /* Pods_Smack_SmackUITests.framework */,
				53AE6ADE29BF369CDBC8522F /* Pods_SmackTests.framework */,
			);
			name = Frameworks;
			sourceTree = "<group>";
		};
		F1B346D3251A353200CFD753 = {
			isa = PBXGroup;
			children = (
				F1B346DE251A353200CFD753 /* Smack */,
				F1B346F5251A353500CFD753 /* SmackTests */,
				F1B34700251A353500CFD753 /* SmackUITests */,
				F1B346DD251A353200CFD753 /* Products */,
				1525AFFF7411FAADD06F7F9C /* Pods */,
				953072A01063767F67232B27 /* Frameworks */,
			);
			sourceTree = "<group>";
		};
		F1B346DD251A353200CFD753 /* Products */ = {
			isa = PBXGroup;
			children = (
				F1B346DC251A353200CFD753 /* Smack.app */,
				F1B346F2251A353500CFD753 /* SmackTests.xctest */,
				F1B346FD251A353500CFD753 /* SmackUITests.xctest */,
			);
			name = Products;
			sourceTree = "<group>";
		};
		F1B346DE251A353200CFD753 /* Smack */ = {
			isa = PBXGroup;
			children = (
				F1B3473F251E75CA00CFD753 /* Utilities */,
				F1B34729251A3B1800CFD753 /* Model */,
				F1B34728251A3B0F00CFD753 /* View */,
				F1B34727251A3B0600CFD753 /* Controller */,
				F1B3471F251A393100CFD753 /* Supporting Files */,
				F1B346DF251A353200CFD753 /* AppDelegate.swift */,
				F1B346E1251A353200CFD753 /* SceneDelegate.swift */,
				F1B346E5251A353200CFD753 /* Main.storyboard */,
				F1B346E8251A353500CFD753 /* Assets.xcassets */,
				F1B346EA251A353500CFD753 /* LaunchScreen.storyboard */,
				F1B346ED251A353500CFD753 /* Info.plist */,
			);
			path = Smack;
			sourceTree = "<group>";
		};
		F1B346F5251A353500CFD753 /* SmackTests */ = {
			isa = PBXGroup;
			children = (
				F1B346F6251A353500CFD753 /* SmackTests.swift */,
				F1B346F8251A353500CFD753 /* Info.plist */,
			);
			path = SmackTests;
			sourceTree = "<group>";
		};
		F1B34700251A353500CFD753 /* SmackUITests */ = {
			isa = PBXGroup;
			children = (
				F1B34701251A353500CFD753 /* SmackUITests.swift */,
				F1B34703251A353500CFD753 /* Info.plist */,
			);
			path = SmackUITests;
			sourceTree = "<group>";
		};
		F1B3471F251A393100CFD753 /* Supporting Files */ = {
			isa = PBXGroup;
			children = (
				F1B34722251A398000CFD753 /* SWRevealViewController.h */,
				F1B34721251A398000CFD753 /* SWRevealViewController.m */,
				F1B34720251A397F00CFD753 /* Smack-Bridging-Header.h */,
			);
			path = "Supporting Files";
			sourceTree = "<group>";
		};
		F1B34727251A3B0600CFD753 /* Controller */ = {
			isa = PBXGroup;
			children = (
				F1B34730251A3D3A00CFD753 /* chatVC.swift */,
				F1B34735251A3D5A00CFD753 /* channelVC.swift */,
				F12B8129251E80DE007C6011 /* LoginVC.swift */,
				F12B812E251FB850007C6011 /* CreateAccountVC.swift */,
			);
			path = Controller;
			sourceTree = "<group>";
		};
		F1B34728251A3B0F00CFD753 /* View */ = {
			isa = PBXGroup;
			children = (
				F1B3473A251E4FD900CFD753 /* GradiantView.swift */,
			);
			path = View;
			sourceTree = "<group>";
		};
		F1B34729251A3B1800CFD753 /* Model */ = {
			isa = PBXGroup;
			children = (
			);
			path = Model;
			sourceTree = "<group>";
		};
		F1B3473F251E75CA00CFD753 /* Utilities */ = {
			isa = PBXGroup;
			children = (
				F1B34740251E75EC00CFD753 /* Constants.swift */,
			);
			path = Utilities;
			sourceTree = "<group>";
		};
/* End PBXGroup section */

/* Begin PBXNativeTarget section */
		F1B346DB251A353200CFD753 /* Smack */ = {
			isa = PBXNativeTarget;
			buildConfigurationList = F1B34706251A353500CFD753 /* Build configuration list for PBXNativeTarget "Smack" */;
			buildPhases = (
				63EC31F2E094409DAB52E645 /* [CP] Check Pods Manifest.lock */,
				F1B346D8251A353200CFD753 /* Sources */,
				F1B346D9251A353200CFD753 /* Frameworks */,
				F1B346DA251A353200CFD753 /* Resources */,
				7EF967A7E2E88E681EAEFD0B /* [CP] Embed Pods Frameworks */,
			);
			buildRules = (
			);
			dependencies = (
			);
			name = Smack;
			productName = Smack;
			productReference = F1B346DC251A353200CFD753 /* Smack.app */;
			productType = "com.apple.product-type.application";
		};
		F1B346F1251A353500CFD753 /* SmackTests */ = {
			isa = PBXNativeTarget;
			buildConfigurationList = F1B34709251A353500CFD753 /* Build configuration list for PBXNativeTarget "SmackTests" */;
			buildPhases = (
				639D4BB4A916B8C4DD52FECD /* [CP] Check Pods Manifest.lock */,
				F1B346EE251A353500CFD753 /* Sources */,
				F1B346EF251A353500CFD753 /* Frameworks */,
				F1B346F0251A353500CFD753 /* Resources */,
			);
			buildRules = (
			);
			dependencies = (
				F1B346F4251A353500CFD753 /* PBXTargetDependency */,
			);
			name = SmackTests;
			productName = SmackTests;
			productReference = F1B346F2251A353500CFD753 /* SmackTests.xctest */;
			productType = "com.apple.product-type.bundle.unit-test";
		};
		F1B346FC251A353500CFD753 /* SmackUITests */ = {
			isa = PBXNativeTarget;
			buildConfigurationList = F1B3470C251A353500CFD753 /* Build configuration list for PBXNativeTarget "SmackUITests" */;
			buildPhases = (
				E18E71F3017CFE446406C41C /* [CP] Check Pods Manifest.lock */,
				F1B346F9251A353500CFD753 /* Sources */,
				F1B346FA251A353500CFD753 /* Frameworks */,
				F1B346FB251A353500CFD753 /* Resources */,
				F644AAB5EB5CB32E2911C23F /* [CP] Embed Pods Frameworks */,
			);
			buildRules = (
			);
			dependencies = (
				F1B346FF251A353500CFD753 /* PBXTargetDependency */,
			);
			name = SmackUITests;
			productName = SmackUITests;
			productReference = F1B346FD251A353500CFD753 /* SmackUITests.xctest */;
			productType = "com.apple.product-type.bundle.ui-testing";
		};
/* End PBXNativeTarget section */

/* Begin PBXProject section */
		F1B346D4251A353200CFD753 /* Project object */ = {
			isa = PBXProject;
			attributes = {
				LastSwiftUpdateCheck = 1200;
				LastUpgradeCheck = 1200;
				TargetAttributes = {
					F1B346DB251A353200CFD753 = {
						CreatedOnToolsVersion = 12.0;
						LastSwiftMigration = 1200;
					};
					F1B346F1251A353500CFD753 = {
						CreatedOnToolsVersion = 12.0;
						TestTargetID = F1B346DB251A353200CFD753;
					};
					F1B346FC251A353500CFD753 = {
						CreatedOnToolsVersion = 12.0;
						TestTargetID = F1B346DB251A353200CFD753;
					};
				};
			};
			buildConfigurationList = F1B346D7251A353200CFD753 /* Build configuration list for PBXProject "Smack" */;
			compatibilityVersion = "Xcode 9.3";
			developmentRegion = en;
			hasScannedForEncodings = 0;
			knownRegions = (
				en,
				Base,
			);
			mainGroup = F1B346D3251A353200CFD753;
			productRefGroup = F1B346DD251A353200CFD753 /* Products */;
			projectDirPath = "";
			projectRoot = "";
			targets = (
				F1B346DB251A353200CFD753 /* Smack */,
				F1B346F1251A353500CFD753 /* SmackTests */,
				F1B346FC251A353500CFD753 /* SmackUITests */,
			);
		};
/* End PBXProject section */

/* Begin PBXResourcesBuildPhase section */
		F1B346DA251A353200CFD753 /* Resources */ = {
			isa = PBXResourcesBuildPhase;
			buildActionMask = 2147483647;
			files = (
				F1B346EC251A353500CFD753 /* LaunchScreen.storyboard in Resources */,
				F1B346E9251A353500CFD753 /* Assets.xcassets in Resources */,
				F1B346E7251A353200CFD753 /* Main.storyboard in Resources */,
			);
			runOnlyForDeploymentPostprocessing = 0;
		};
		F1B346F0251A353500CFD753 /* Resources */ = {
			isa = PBXResourcesBuildPhase;
			buildActionMask = 2147483647;
			files = (
			);
			runOnlyForDeploymentPostprocessing = 0;
		};
		F1B346FB251A353500CFD753 /* Resources */ = {
			isa = PBXResourcesBuildPhase;
			buildActionMask = 2147483647;
			files = (
			);
			runOnlyForDeploymentPostprocessing = 0;
		};
/* End PBXResourcesBuildPhase section */

/* Begin PBXShellScriptBuildPhase section */
		639D4BB4A916B8C4DD52FECD /* [CP] Check Pods Manifest.lock */ = {
			isa = PBXShellScriptBuildPhase;
			buildActionMask = 2147483647;
			files = (
			);
			inputPaths = (
				"${PODS_PODFILE_DIR_PATH}/Podfile.lock",
				"${PODS_ROOT}/Manifest.lock",
			);
			name = "[CP] Check Pods Manifest.lock";
			outputPaths = (
				"$(DERIVED_FILE_DIR)/Pods-SmackTests-checkManifestLockResult.txt",
			);
			runOnlyForDeploymentPostprocessing = 0;
			shellPath = /bin/sh;
			shellScript = "diff \"${PODS_PODFILE_DIR_PATH}/Podfile.lock\" \"${PODS_ROOT}/Manifest.lock\" > /dev/null\nif [ $? != 0 ] ; then\n    # print error to STDERR\n    echo \"error: The sandbox is not in sync with the Podfile.lock. Run 'pod install' or update your CocoaPods installation.\" >&2\n    exit 1\nfi\n# This output is used by Xcode 'outputs' to avoid re-running this script phase.\necho \"SUCCESS\" > \"${SCRIPT_OUTPUT_FILE_0}\"\n";
			showEnvVarsInLog = 0;
		};
		63EC31F2E094409DAB52E645 /* [CP] Check Pods Manifest.lock */ = {
			isa = PBXShellScriptBuildPhase;
			buildActionMask = 2147483647;
			files = (
			);
			inputPaths = (
				"${PODS_PODFILE_DIR_PATH}/Podfile.lock",
				"${PODS_ROOT}/Manifest.lock",
			);
			name = "[CP] Check Pods Manifest.lock";
			outputPaths = (
				"$(DERIVED_FILE_DIR)/Pods-Smack-checkManifestLockResult.txt",
			);
			runOnlyForDeploymentPostprocessing = 0;
			shellPath = /bin/sh;
			shellScript = "diff \"${PODS_PODFILE_DIR_PATH}/Podfile.lock\" \"${PODS_ROOT}/Manifest.lock\" > /dev/null\nif [ $? != 0 ] ; then\n    # print error to STDERR\n    echo \"error: The sandbox is not in sync with the Podfile.lock. Run 'pod install' or update your CocoaPods installation.\" >&2\n    exit 1\nfi\n# This output is used by Xcode 'outputs' to avoid re-running this script phase.\necho \"SUCCESS\" > \"${SCRIPT_OUTPUT_FILE_0}\"\n";
			showEnvVarsInLog = 0;
		};
		7EF967A7E2E88E681EAEFD0B /* [CP] Embed Pods Frameworks */ = {
			isa = PBXShellScriptBuildPhase;
			buildActionMask = 2147483647;
			files = (
			);
			inputPaths = (
				"${SRCROOT}/Pods/Target Support Files/Pods-Smack/Pods-Smack-frameworks.sh",
				"${BUILT_PRODUCTS_DIR}/Alamofire/Alamofire.framework",
				"${BUILT_PRODUCTS_DIR}/Socket.IO-Client-Swift/SocketIO.framework",
				"${BUILT_PRODUCTS_DIR}/Starscream/Starscream.framework",
				"${BUILT_PRODUCTS_DIR}/SwiftyJSON/SwiftyJSON.framework",
			);
			name = "[CP] Embed Pods Frameworks";
			outputPaths = (
				"${TARGET_BUILD_DIR}/${FRAMEWORKS_FOLDER_PATH}/Alamofire.framework",
				"${TARGET_BUILD_DIR}/${FRAMEWORKS_FOLDER_PATH}/SocketIO.framework",
				"${TARGET_BUILD_DIR}/${FRAMEWORKS_FOLDER_PATH}/Starscream.framework",
				"${TARGET_BUILD_DIR}/${FRAMEWORKS_FOLDER_PATH}/SwiftyJSON.framework",
			);
			runOnlyForDeploymentPostprocessing = 0;
			shellPath = /bin/sh;
			shellScript = "\"${SRCROOT}/Pods/Target Support Files/Pods-Smack/Pods-Smack-frameworks.sh\"\n";
			showEnvVarsInLog = 0;
		};
		E18E71F3017CFE446406C41C /* [CP] Check Pods Manifest.lock */ = {
			isa = PBXShellScriptBuildPhase;
			buildActionMask = 2147483647;
			files = (
			);
			inputPaths = (
				"${PODS_PODFILE_DIR_PATH}/Podfile.lock",
				"${PODS_ROOT}/Manifest.lock",
			);
			name = "[CP] Check Pods Manifest.lock";
			outputPaths = (
				"$(DERIVED_FILE_DIR)/Pods-Smack-SmackUITests-checkManifestLockResult.txt",
			);
			runOnlyForDeploymentPostprocessing = 0;
			shellPath = /bin/sh;
			shellScript = "diff \"${PODS_PODFILE_DIR_PATH}/Podfile.lock\" \"${PODS_ROOT}/Manifest.lock\" > /dev/null\nif [ $? != 0 ] ; then\n    # print error to STDERR\n    echo \"error: The sandbox is not in sync with the Podfile.lock. Run 'pod install' or update your CocoaPods installation.\" >&2\n    exit 1\nfi\n# This output is used by Xcode 'outputs' to avoid re-running this script phase.\necho \"SUCCESS\" > \"${SCRIPT_OUTPUT_FILE_0}\"\n";
			showEnvVarsInLog = 0;
		};
		F644AAB5EB5CB32E2911C23F /* [CP] Embed Pods Frameworks */ = {
			isa = PBXShellScriptBuildPhase;
			buildActionMask = 2147483647;
			files = (
			);
			inputPaths = (
				"${SRCROOT}/Pods/Target Support Files/Pods-Smack-SmackUITests/Pods-Smack-SmackUITests-frameworks.sh",
				"${BUILT_PRODUCTS_DIR}/Alamofire/Alamofire.framework",
				"${BUILT_PRODUCTS_DIR}/Socket.IO-Client-Swift/SocketIO.framework",
				"${BUILT_PRODUCTS_DIR}/Starscream/Starscream.framework",
				"${BUILT_PRODUCTS_DIR}/SwiftyJSON/SwiftyJSON.framework",
			);
			name = "[CP] Embed Pods Frameworks";
			outputPaths = (
				"${TARGET_BUILD_DIR}/${FRAMEWORKS_FOLDER_PATH}/Alamofire.framework",
				"${TARGET_BUILD_DIR}/${FRAMEWORKS_FOLDER_PATH}/SocketIO.framework",
				"${TARGET_BUILD_DIR}/${FRAMEWORKS_FOLDER_PATH}/Starscream.framework",
				"${TARGET_BUILD_DIR}/${FRAMEWORKS_FOLDER_PATH}/SwiftyJSON.framework",
			);
			runOnlyForDeploymentPostprocessing = 0;
			shellPath = /bin/sh;
			shellScript = "\"${SRCROOT}/Pods/Target Support Files/Pods-Smack-SmackUITests/Pods-Smack-SmackUITests-frameworks.sh\"\n";
			showEnvVarsInLog = 0;
		};
/* End PBXShellScriptBuildPhase section */

/* Begin PBXSourcesBuildPhase section */
		F1B346D8251A353200CFD753 /* Sources */ = {
			isa = PBXSourcesBuildPhase;
			buildActionMask = 2147483647;
			files = (
				F1B34731251A3D3A00CFD753 /* chatVC.swift in Sources */,
				F1B346E0251A353200CFD753 /* AppDelegate.swift in Sources */,
				F12B812A251E80DE007C6011 /* LoginVC.swift in Sources */,
				F1B346E2251A353200CFD753 /* SceneDelegate.swift in Sources */,
				F1B34736251A3D5A00CFD753 /* channelVC.swift in Sources */,
				F12B812F251FB850007C6011 /* CreateAccountVC.swift in Sources */,
				F1B34741251E75EC00CFD753 /* Constants.swift in Sources */,
				F1B3473B251E4FD900CFD753 /* GradiantView.swift in Sources */,
				F1B34723251A398000CFD753 /* SWRevealViewController.m in Sources */,
			);
			runOnlyForDeploymentPostprocessing = 0;
		};
		F1B346EE251A353500CFD753 /* Sources */ = {
			isa = PBXSourcesBuildPhase;
			buildActionMask = 2147483647;
			files = (
				F1B346F7251A353500CFD753 /* SmackTests.swift in Sources */,
			);
			runOnlyForDeploymentPostprocessing = 0;
		};
		F1B346F9251A353500CFD753 /* Sources */ = {
			isa = PBXSourcesBuildPhase;
			buildActionMask = 2147483647;
			files = (
				F1B34702251A353500CFD753 /* SmackUITests.swift in Sources */,
			);
			runOnlyForDeploymentPostprocessing = 0;
		};
/* End PBXSourcesBuildPhase section */

/* Begin PBXTargetDependency section */
		F1B346F4251A353500CFD753 /* PBXTargetDependency */ = {
			isa = PBXTargetDependency;
			target = F1B346DB251A353200CFD753 /* Smack */;
			targetProxy = F1B346F3251A353500CFD753 /* PBXContainerItemProxy */;
		};
		F1B346FF251A353500CFD753 /* PBXTargetDependency */ = {
			isa = PBXTargetDependency;
			target = F1B346DB251A353200CFD753 /* Smack */;
			targetProxy = F1B346FE251A353500CFD753 /* PBXContainerItemProxy */;
		};
/* End PBXTargetDependency section */

/* Begin PBXVariantGroup section */
		F1B346E5251A353200CFD753 /* Main.storyboard */ = {
			isa = PBXVariantGroup;
			children = (
				F1B346E6251A353200CFD753 /* Base */,
			);
			name = Main.storyboard;
			sourceTree = "<group>";
		};
		F1B346EA251A353500CFD753 /* LaunchScreen.storyboard */ = {
			isa = PBXVariantGroup;
			children = (
				F1B346EB251A353500CFD753 /* Base */,
			);
			name = LaunchScreen.storyboard;
			sourceTree = "<group>";
		};
/* End PBXVariantGroup section */

/* Begin XCBuildConfiguration section */
		F1B34704251A353500CFD753 /* Debug */ = {
			isa = XCBuildConfiguration;
			buildSettings = {
				ALWAYS_SEARCH_USER_PATHS = NO;
				CLANG_ANALYZER_NONNULL = YES;
				CLANG_ANALYZER_NUMBER_OBJECT_CONVERSION = YES_AGGRESSIVE;
				CLANG_CXX_LANGUAGE_STANDARD = "gnu++14";
				CLANG_CXX_LIBRARY = "libc++";
				CLANG_ENABLE_MODULES = YES;
				CLANG_ENABLE_OBJC_ARC = YES;
				CLANG_ENABLE_OBJC_WEAK = YES;
				CLANG_WARN_BLOCK_CAPTURE_AUTORELEASING = YES;
				CLANG_WARN_BOOL_CONVERSION = YES;
				CLANG_WARN_COMMA = YES;
				CLANG_WARN_CONSTANT_CONVERSION = YES;
				CLANG_WARN_DEPRECATED_OBJC_IMPLEMENTATIONS = YES;
				CLANG_WARN_DIRECT_OBJC_ISA_USAGE = YES_ERROR;
				CLANG_WARN_DOCUMENTATION_COMMENTS = YES;
				CLANG_WARN_EMPTY_BODY = YES;
				CLANG_WARN_ENUM_CONVERSION = YES;
				CLANG_WARN_INFINITE_RECURSION = YES;
				CLANG_WARN_INT_CONVERSION = YES;
				CLANG_WARN_NON_LITERAL_NULL_CONVERSION = YES;
				CLANG_WARN_OBJC_IMPLICIT_RETAIN_SELF = YES;
				CLANG_WARN_OBJC_LITERAL_CONVERSION = YES;
				CLANG_WARN_OBJC_ROOT_CLASS = YES_ERROR;
				CLANG_WARN_QUOTED_INCLUDE_IN_FRAMEWORK_HEADER = YES;
				CLANG_WARN_RANGE_LOOP_ANALYSIS = YES;
				CLANG_WARN_STRICT_PROTOTYPES = YES;
				CLANG_WARN_SUSPICIOUS_MOVE = YES;
				CLANG_WARN_UNGUARDED_AVAILABILITY = YES_AGGRESSIVE;
				CLANG_WARN_UNREACHABLE_CODE = YES;
				CLANG_WARN__DUPLICATE_METHOD_MATCH = YES;
				COPY_PHASE_STRIP = NO;
				DEBUG_INFORMATION_FORMAT = dwarf;
				ENABLE_STRICT_OBJC_MSGSEND = YES;
				ENABLE_TESTABILITY = YES;
				GCC_C_LANGUAGE_STANDARD = gnu11;
				GCC_DYNAMIC_NO_PIC = NO;
				GCC_NO_COMMON_BLOCKS = YES;
				GCC_OPTIMIZATION_LEVEL = 0;
				GCC_PREPROCESSOR_DEFINITIONS = (
					"DEBUG=1",
					"$(inherited)",
				);
				GCC_WARN_64_TO_32_BIT_CONVERSION = YES;
				GCC_WARN_ABOUT_RETURN_TYPE = YES_ERROR;
				GCC_WARN_UNDECLARED_SELECTOR = YES;
				GCC_WARN_UNINITIALIZED_AUTOS = YES_AGGRESSIVE;
				GCC_WARN_UNUSED_FUNCTION = YES;
				GCC_WARN_UNUSED_VARIABLE = YES;
				IPHONEOS_DEPLOYMENT_TARGET = 14.0;
				MTL_ENABLE_DEBUG_INFO = INCLUDE_SOURCE;
				MTL_FAST_MATH = YES;
				ONLY_ACTIVE_ARCH = YES;
				SDKROOT = iphoneos;
				SWIFT_ACTIVE_COMPILATION_CONDITIONS = DEBUG;
				SWIFT_OPTIMIZATION_LEVEL = "-Onone";
			};
			name = Debug;
		};
		F1B34705251A353500CFD753 /* Release */ = {
			isa = XCBuildConfiguration;
			buildSettings = {
				ALWAYS_SEARCH_USER_PATHS = NO;
				CLANG_ANALYZER_NONNULL = YES;
				CLANG_ANALYZER_NUMBER_OBJECT_CONVERSION = YES_AGGRESSIVE;
				CLANG_CXX_LANGUAGE_STANDARD = "gnu++14";
				CLANG_CXX_LIBRARY = "libc++";
				CLANG_ENABLE_MODULES = YES;
				CLANG_ENABLE_OBJC_ARC = YES;
				CLANG_ENABLE_OBJC_WEAK = YES;
				CLANG_WARN_BLOCK_CAPTURE_AUTORELEASING = YES;
				CLANG_WARN_BOOL_CONVERSION = YES;
				CLANG_WARN_COMMA = YES;
				CLANG_WARN_CONSTANT_CONVERSION = YES;
				CLANG_WARN_DEPRECATED_OBJC_IMPLEMENTATIONS = YES;
				CLANG_WARN_DIRECT_OBJC_ISA_USAGE = YES_ERROR;
				CLANG_WARN_DOCUMENTATION_COMMENTS = YES;
				CLANG_WARN_EMPTY_BODY = YES;
				CLANG_WARN_ENUM_CONVERSION = YES;
				CLANG_WARN_INFINITE_RECURSION = YES;
				CLANG_WARN_INT_CONVERSION = YES;
				CLANG_WARN_NON_LITERAL_NULL_CONVERSION = YES;
				CLANG_WARN_OBJC_IMPLICIT_RETAIN_SELF = YES;
				CLANG_WARN_OBJC_LITERAL_CONVERSION = YES;
				CLANG_WARN_OBJC_ROOT_CLASS = YES_ERROR;
				CLANG_WARN_QUOTED_INCLUDE_IN_FRAMEWORK_HEADER = YES;
				CLANG_WARN_RANGE_LOOP_ANALYSIS = YES;
				CLANG_WARN_STRICT_PROTOTYPES = YES;
				CLANG_WARN_SUSPICIOUS_MOVE = YES;
				CLANG_WARN_UNGUARDED_AVAILABILITY = YES_AGGRESSIVE;
				CLANG_WARN_UNREACHABLE_CODE = YES;
				CLANG_WARN__DUPLICATE_METHOD_MATCH = YES;
				COPY_PHASE_STRIP = NO;
				DEBUG_INFORMATION_FORMAT = "dwarf-with-dsym";
				ENABLE_NS_ASSERTIONS = NO;
				ENABLE_STRICT_OBJC_MSGSEND = YES;
				GCC_C_LANGUAGE_STANDARD = gnu11;
				GCC_NO_COMMON_BLOCKS = YES;
				GCC_WARN_64_TO_32_BIT_CONVERSION = YES;
				GCC_WARN_ABOUT_RETURN_TYPE = YES_ERROR;
				GCC_WARN_UNDECLARED_SELECTOR = YES;
				GCC_WARN_UNINITIALIZED_AUTOS = YES_AGGRESSIVE;
				GCC_WARN_UNUSED_FUNCTION = YES;
				GCC_WARN_UNUSED_VARIABLE = YES;
				IPHONEOS_DEPLOYMENT_TARGET = 14.0;
				MTL_ENABLE_DEBUG_INFO = NO;
				MTL_FAST_MATH = YES;
				SDKROOT = iphoneos;
				SWIFT_COMPILATION_MODE = wholemodule;
				SWIFT_OPTIMIZATION_LEVEL = "-O";
				VALIDATE_PRODUCT = YES;
			};
			name = Release;
		};
		F1B34707251A353500CFD753 /* Debug */ = {
			isa = XCBuildConfiguration;
			baseConfigurationReference = 07B953273D6FC5F5C5F9DE57 /* Pods-Smack.debug.xcconfig */;
			buildSettings = {
				ASSETCATALOG_COMPILER_APPICON_NAME = AppIcon;
				ASSETCATALOG_COMPILER_GLOBAL_ACCENT_COLOR_NAME = AccentColor;
				CLANG_ENABLE_MODULES = YES;
				CODE_SIGN_STYLE = Automatic;
				DEVELOPMENT_TEAM = 4PQKX97SLV;
				INFOPLIST_FILE = Smack/Info.plist;
				LD_RUNPATH_SEARCH_PATHS = (
					"$(inherited)",
					"@executable_path/Frameworks",
				);
				PRODUCT_BUNDLE_IDENTIFIER = emalvido.Smack;
				PRODUCT_NAME = "$(TARGET_NAME)";
				SWIFT_OBJC_BRIDGING_HEADER = "Smack/Supporting Files/Smack-Bridging-Header.h";
				SWIFT_OPTIMIZATION_LEVEL = "-Onone";
				SWIFT_VERSION = 5.0;
				TARGETED_DEVICE_FAMILY = "1,2";
			};
			name = Debug;
		};
		F1B34708251A353500CFD753 /* Release */ = {
			isa = XCBuildConfiguration;
			baseConfigurationReference = 75D8BD606DA81F9351E67C10 /* Pods-Smack.release.xcconfig */;
			buildSettings = {
				ASSETCATALOG_COMPILER_APPICON_NAME = AppIcon;
				ASSETCATALOG_COMPILER_GLOBAL_ACCENT_COLOR_NAME = AccentColor;
				CLANG_ENABLE_MODULES = YES;
				CODE_SIGN_STYLE = Automatic;
				DEVELOPMENT_TEAM = 4PQKX97SLV;
				INFOPLIST_FILE = Smack/Info.plist;
				LD_RUNPATH_SEARCH_PATHS = (
					"$(inherited)",
					"@executable_path/Frameworks",
				);
				PRODUCT_BUNDLE_IDENTIFIER = emalvido.Smack;
				PRODUCT_NAME = "$(TARGET_NAME)";
				SWIFT_OBJC_BRIDGING_HEADER = "Smack/Supporting Files/Smack-Bridging-Header.h";
				SWIFT_VERSION = 5.0;
				TARGETED_DEVICE_FAMILY = "1,2";
			};
			name = Release;
		};
		F1B3470A251A353500CFD753 /* Debug */ = {
			isa = XCBuildConfiguration;
			baseConfigurationReference = 416FFC1536A8D4C8F3846979 /* Pods-SmackTests.debug.xcconfig */;
			buildSettings = {
				ALWAYS_EMBED_SWIFT_STANDARD_LIBRARIES = YES;
				BUNDLE_LOADER = "$(TEST_HOST)";
				CODE_SIGN_STYLE = Automatic;
				DEVELOPMENT_TEAM = 4PQKX97SLV;
				INFOPLIST_FILE = SmackTests/Info.plist;
				IPHONEOS_DEPLOYMENT_TARGET = 14.0;
				LD_RUNPATH_SEARCH_PATHS = (
					"$(inherited)",
					"@executable_path/Frameworks",
					"@loader_path/Frameworks",
				);
				PRODUCT_BUNDLE_IDENTIFIER = emalvido.SmackTests;
				PRODUCT_NAME = "$(TARGET_NAME)";
				SWIFT_VERSION = 5.0;
				TARGETED_DEVICE_FAMILY = "1,2";
				TEST_HOST = "$(BUILT_PRODUCTS_DIR)/Smack.app/Smack";
			};
			name = Debug;
		};
		F1B3470B251A353500CFD753 /* Release */ = {
			isa = XCBuildConfiguration;
			baseConfigurationReference = 7EA5D5312A8C4E136E16DB6A /* Pods-SmackTests.release.xcconfig */;
			buildSettings = {
				ALWAYS_EMBED_SWIFT_STANDARD_LIBRARIES = YES;
				BUNDLE_LOADER = "$(TEST_HOST)";
				CODE_SIGN_STYLE = Automatic;
				DEVELOPMENT_TEAM = 4PQKX97SLV;
				INFOPLIST_FILE = SmackTests/Info.plist;
				IPHONEOS_DEPLOYMENT_TARGET = 14.0;
				LD_RUNPATH_SEARCH_PATHS = (
					"$(inherited)",
					"@executable_path/Frameworks",
					"@loader_path/Frameworks",
				);
				PRODUCT_BUNDLE_IDENTIFIER = emalvido.SmackTests;
				PRODUCT_NAME = "$(TARGET_NAME)";
				SWIFT_VERSION = 5.0;
				TARGETED_DEVICE_FAMILY = "1,2";
				TEST_HOST = "$(BUILT_PRODUCTS_DIR)/Smack.app/Smack";
			};
			name = Release;
		};
		F1B3470D251A353500CFD753 /* Debug */ = {
			isa = XCBuildConfiguration;
			baseConfigurationReference = A8232259FCC8A6BE03D9F4C4 /* Pods-Smack-SmackUITests.debug.xcconfig */;
			buildSettings = {
				ALWAYS_EMBED_SWIFT_STANDARD_LIBRARIES = YES;
				CODE_SIGN_STYLE = Automatic;
				DEVELOPMENT_TEAM = 4PQKX97SLV;
				INFOPLIST_FILE = SmackUITests/Info.plist;
				LD_RUNPATH_SEARCH_PATHS = (
					"$(inherited)",
					"@executable_path/Frameworks",
					"@loader_path/Frameworks",
				);
				PRODUCT_BUNDLE_IDENTIFIER = emalvido.SmackUITests;
				PRODUCT_NAME = "$(TARGET_NAME)";
				SWIFT_VERSION = 5.0;
				TARGETED_DEVICE_FAMILY = "1,2";
				TEST_TARGET_NAME = Smack;
			};
			name = Debug;
		};
		F1B3470E251A353500CFD753 /* Release */ = {
			isa = XCBuildConfiguration;
			baseConfigurationReference = E8047FF0A9ECBF22578DA0C7 /* Pods-Smack-SmackUITests.release.xcconfig */;
			buildSettings = {
				ALWAYS_EMBED_SWIFT_STANDARD_LIBRARIES = YES;
				CODE_SIGN_STYLE = Automatic;
				DEVELOPMENT_TEAM = 4PQKX97SLV;
				INFOPLIST_FILE = SmackUITests/Info.plist;
				LD_RUNPATH_SEARCH_PATHS = (
					"$(inherited)",
					"@executable_path/Frameworks",
					"@loader_path/Frameworks",
				);
				PRODUCT_BUNDLE_IDENTIFIER = emalvido.SmackUITests;
				PRODUCT_NAME = "$(TARGET_NAME)";
				SWIFT_VERSION = 5.0;
				TARGETED_DEVICE_FAMILY = "1,2";
				TEST_TARGET_NAME = Smack;
			};
			name = Release;
		};
/* End XCBuildConfiguration section */

/* Begin XCConfigurationList section */
		F1B346D7251A353200CFD753 /* Build configuration list for PBXProject "Smack" */ = {
			isa = XCConfigurationList;
			buildConfigurations = (
				F1B34704251A353500CFD753 /* Debug */,
				F1B34705251A353500CFD753 /* Release */,
			);
			defaultConfigurationIsVisible = 0;
			defaultConfigurationName = Release;
		};
		F1B34706251A353500CFD753 /* Build configuration list for PBXNativeTarget "Smack" */ = {
			isa = XCConfigurationList;
			buildConfigurations = (
				F1B34707251A353500CFD753 /* Debug */,
				F1B34708251A353500CFD753 /* Release */,
			);
			defaultConfigurationIsVisible = 0;
			defaultConfigurationName = Release;
		};
		F1B34709251A353500CFD753 /* Build configuration list for PBXNativeTarget "SmackTests" */ = {
			isa = XCConfigurationList;
			buildConfigurations = (
				F1B3470A251A353500CFD753 /* Debug */,
				F1B3470B251A353500CFD753 /* Release */,
			);
			defaultConfigurationIsVisible = 0;
			defaultConfigurationName = Release;
		};
		F1B3470C251A353500CFD753 /* Build configuration list for PBXNativeTarget "SmackUITests" */ = {
			isa = XCConfigurationList;
			buildConfigurations = (
				F1B3470D251A353500CFD753 /* Debug */,
				F1B3470E251A353500CFD753 /* Release */,
			);
			defaultConfigurationIsVisible = 0;
			defaultConfigurationName = Release;
		};
/* End XCConfigurationList section */
	};
	rootObject = F1B346D4251A353200CFD753 /* Project object */;
}
